// !$*UTF8*$!
{
	archiveVersion = 1;
	classes = {
	};
	objectVersion = 56;
	objects = {

/* Begin PBXBuildFile section */
		D81BBF622B93EC9C003B2E39 /* EasyWindowPreview.swift in Sources */ = {isa = PBXBuildFile; fileRef = D81BBF612B93EC9C003B2E39 /* EasyWindowPreview.swift */; };
		D81BBF652B943E5F003B2E39 /* PrivateApis.swift in Sources */ = {isa = PBXBuildFile; fileRef = D81BBF642B943E5F003B2E39 /* PrivateApis.swift */; };
		D8AB19A62B92A0E900A12102 /* DockLikeWindowsApp.swift in Sources */ = {isa = PBXBuildFile; fileRef = D8AB19A52B92A0E900A12102 /* DockLikeWindowsApp.swift */; };
		D8AB19AA2B92A0EA00A12102 /* Assets.xcassets in Resources */ = {isa = PBXBuildFile; fileRef = D8AB19A92B92A0EA00A12102 /* Assets.xcassets */; };
		D8AB19AD2B92A0EA00A12102 /* Preview Assets.xcassets in Resources */ = {isa = PBXBuildFile; fileRef = D8AB19AC2B92A0EA00A12102 /* Preview Assets.xcassets */; };
		D8AB19BA2B92B2ED00A12102 /* AppDelegate.swift in Sources */ = {isa = PBXBuildFile; fileRef = D8AB19B92B92B2ED00A12102 /* AppDelegate.swift */; };
		D8AB19BC2B92DCE300A12102 /* AXUIElementHelpers.swift in Sources */ = {isa = PBXBuildFile; fileRef = D8AB19BB2B92DCE300A12102 /* AXUIElementHelpers.swift */; };
		D8CF447F2B95116400B8FACF /* MenuButton.swift in Sources */ = {isa = PBXBuildFile; fileRef = D8CF447E2B95116400B8FACF /* MenuButton.swift */; };
		D8F5AD822B9500130097C625 /* Bridging-Header-Impl.m in Sources */ = {isa = PBXBuildFile; fileRef = D8F5AD812B9500130097C625 /* Bridging-Header-Impl.m */; };
		D8FB9ECD2B93B666001604BC /* EasyWindowHide.swift in Sources */ = {isa = PBXBuildFile; fileRef = D8FB9ECC2B93B666001604BC /* EasyWindowHide.swift */; };
/* End PBXBuildFile section */

/* Begin PBXFileReference section */
		D81BBF612B93EC9C003B2E39 /* EasyWindowPreview.swift */ = {isa = PBXFileReference; lastKnownFileType = sourcecode.swift; path = EasyWindowPreview.swift; sourceTree = "<group>"; };
		D81BBF632B9422CF003B2E39 /* Bridging-Header.h */ = {isa = PBXFileReference; lastKnownFileType = sourcecode.c.h; path = "Bridging-Header.h"; sourceTree = "<group>"; };
		D81BBF642B943E5F003B2E39 /* PrivateApis.swift */ = {isa = PBXFileReference; lastKnownFileType = sourcecode.swift; path = PrivateApis.swift; sourceTree = "<group>"; };
		D8AB19A22B92A0E900A12102 /* DockLikeWindows.app */ = {isa = PBXFileReference; explicitFileType = wrapper.application; includeInIndex = 0; path = DockLikeWindows.app; sourceTree = BUILT_PRODUCTS_DIR; };
		D8AB19A52B92A0E900A12102 /* DockLikeWindowsApp.swift */ = {isa = PBXFileReference; lastKnownFileType = sourcecode.swift; path = DockLikeWindowsApp.swift; sourceTree = "<group>"; };
		D8AB19A92B92A0EA00A12102 /* Assets.xcassets */ = {isa = PBXFileReference; lastKnownFileType = folder.assetcatalog; path = Assets.xcassets; sourceTree = "<group>"; };
		D8AB19AC2B92A0EA00A12102 /* Preview Assets.xcassets */ = {isa = PBXFileReference; lastKnownFileType = folder.assetcatalog; path = "Preview Assets.xcassets"; sourceTree = "<group>"; };
		D8AB19AE2B92A0EA00A12102 /* DockLikeWindows.entitlements */ = {isa = PBXFileReference; lastKnownFileType = text.plist.entitlements; path = DockLikeWindows.entitlements; sourceTree = "<group>"; };
		D8AB19B82B92B1B800A12102 /* Info.plist */ = {isa = PBXFileReference; lastKnownFileType = text.plist; path = Info.plist; sourceTree = "<group>"; };
		D8AB19B92B92B2ED00A12102 /* AppDelegate.swift */ = {isa = PBXFileReference; lastKnownFileType = sourcecode.swift; path = AppDelegate.swift; sourceTree = "<group>"; };
		D8AB19BB2B92DCE300A12102 /* AXUIElementHelpers.swift */ = {isa = PBXFileReference; lastKnownFileType = sourcecode.swift; path = AXUIElementHelpers.swift; sourceTree = "<group>"; };
		D8CF447E2B95116400B8FACF /* MenuButton.swift */ = {isa = PBXFileReference; lastKnownFileType = sourcecode.swift; path = MenuButton.swift; sourceTree = "<group>"; };
		D8F5AD812B9500130097C625 /* Bridging-Header-Impl.m */ = {isa = PBXFileReference; lastKnownFileType = sourcecode.c.objc; path = "Bridging-Header-Impl.m"; sourceTree = "<group>"; };
		D8FB9ECC2B93B666001604BC /* EasyWindowHide.swift */ = {isa = PBXFileReference; lastKnownFileType = sourcecode.swift; path = EasyWindowHide.swift; sourceTree = "<group>"; };
/* End PBXFileReference section */

/* Begin PBXFrameworksBuildPhase section */
		D8AB199F2B92A0E900A12102 /* Frameworks */ = {
			isa = PBXFrameworksBuildPhase;
			buildActionMask = 2147483647;
			files = (
			);
			runOnlyForDeploymentPostprocessing = 0;
		};
/* End PBXFrameworksBuildPhase section */

/* Begin PBXGroup section */
		D8AB19992B92A0E900A12102 = {
			isa = PBXGroup;
			children = (
				D8AB19A42B92A0E900A12102 /* DockLikeWindows */,
				D8AB19A32B92A0E900A12102 /* Products */,
			);
			sourceTree = "<group>";
		};
		D8AB19A32B92A0E900A12102 /* Products */ = {
			isa = PBXGroup;
			children = (
				D8AB19A22B92A0E900A12102 /* DockLikeWindows.app */,
			);
			name = Products;
			sourceTree = "<group>";
		};
		D8AB19A42B92A0E900A12102 /* DockLikeWindows */ = {
			isa = PBXGroup;
			children = (
				D8F5AD832B9504280097C625 /* Helpers */,
				D8AB19B82B92B1B800A12102 /* Info.plist */,
				D8AB19A52B92A0E900A12102 /* DockLikeWindowsApp.swift */,
				D8AB19A92B92A0EA00A12102 /* Assets.xcassets */,
				D8AB19AE2B92A0EA00A12102 /* DockLikeWindows.entitlements */,
				D8AB19AB2B92A0EA00A12102 /* Preview Content */,
				D8AB19B92B92B2ED00A12102 /* AppDelegate.swift */,
				D8FB9ECC2B93B666001604BC /* EasyWindowHide.swift */,
				D81BBF612B93EC9C003B2E39 /* EasyWindowPreview.swift */,
				D8CF447E2B95116400B8FACF /* MenuButton.swift */,
			);
			path = DockLikeWindows;
			sourceTree = "<group>";
		};
		D8AB19AB2B92A0EA00A12102 /* Preview Content */ = {
			isa = PBXGroup;
			children = (
				D8AB19AC2B92A0EA00A12102 /* Preview Assets.xcassets */,
			);
			path = "Preview Content";
			sourceTree = "<group>";
		};
		D8F5AD832B9504280097C625 /* Helpers */ = {
			isa = PBXGroup;
			children = (
				D8AB19BB2B92DCE300A12102 /* AXUIElementHelpers.swift */,
				D81BBF642B943E5F003B2E39 /* PrivateApis.swift */,
				D81BBF632B9422CF003B2E39 /* Bridging-Header.h */,
				D8F5AD812B9500130097C625 /* Bridging-Header-Impl.m */,
			);
			path = Helpers;
			sourceTree = "<group>";
		};
/* End PBXGroup section */

/* Begin PBXNativeTarget section */
		D8AB19A12B92A0E900A12102 /* DockLikeWindows */ = {
			isa = PBXNativeTarget;
			buildConfigurationList = D8AB19B12B92A0EA00A12102 /* Build configuration list for PBXNativeTarget "DockLikeWindows" */;
			buildPhases = (
				D8AB199E2B92A0E900A12102 /* Sources */,
				D8AB199F2B92A0E900A12102 /* Frameworks */,
				D8AB19A02B92A0E900A12102 /* Resources */,
			);
			buildRules = (
			);
			dependencies = (
			);
			name = DockLikeWindows;
			productName = DockLikeWindows;
			productReference = D8AB19A22B92A0E900A12102 /* DockLikeWindows.app */;
			productType = "com.apple.product-type.application";
		};
/* End PBXNativeTarget section */

/* Begin PBXProject section */
		D8AB199A2B92A0E900A12102 /* Project object */ = {
			isa = PBXProject;
			attributes = {
				BuildIndependentTargetsInParallel = 1;
				LastSwiftUpdateCheck = 1520;
				LastUpgradeCheck = 1520;
				TargetAttributes = {
					D8AB19A12B92A0E900A12102 = {
						CreatedOnToolsVersion = 15.2;
						LastSwiftMigration = 1520;
					};
				};
			};
			buildConfigurationList = D8AB199D2B92A0E900A12102 /* Build configuration list for PBXProject "DockLikeWindows" */;
			compatibilityVersion = "Xcode 14.0";
			developmentRegion = en;
			hasScannedForEncodings = 0;
			knownRegions = (
				en,
				Base,
			);
			mainGroup = D8AB19992B92A0E900A12102;
			productRefGroup = D8AB19A32B92A0E900A12102 /* Products */;
			projectDirPath = "";
			projectRoot = "";
			targets = (
				D8AB19A12B92A0E900A12102 /* DockLikeWindows */,
			);
		};
/* End PBXProject section */

/* Begin PBXResourcesBuildPhase section */
		D8AB19A02B92A0E900A12102 /* Resources */ = {
			isa = PBXResourcesBuildPhase;
			buildActionMask = 2147483647;
			files = (
				D8AB19AD2B92A0EA00A12102 /* Preview Assets.xcassets in Resources */,
				D8AB19AA2B92A0EA00A12102 /* Assets.xcassets in Resources */,
			);
			runOnlyForDeploymentPostprocessing = 0;
		};
/* End PBXResourcesBuildPhase section */

/* Begin PBXSourcesBuildPhase section */
		D8AB199E2B92A0E900A12102 /* Sources */ = {
			isa = PBXSourcesBuildPhase;
			buildActionMask = 2147483647;
			files = (
				D8AB19BA2B92B2ED00A12102 /* AppDelegate.swift in Sources */,
				D81BBF652B943E5F003B2E39 /* PrivateApis.swift in Sources */,
				D8F5AD822B9500130097C625 /* Bridging-Header-Impl.m in Sources */,
				D81BBF622B93EC9C003B2E39 /* EasyWindowPreview.swift in Sources */,
				D8CF447F2B95116400B8FACF /* MenuButton.swift in Sources */,
				D8AB19A62B92A0E900A12102 /* DockLikeWindowsApp.swift in Sources */,
				D8AB19BC2B92DCE300A12102 /* AXUIElementHelpers.swift in Sources */,
				D8FB9ECD2B93B666001604BC /* EasyWindowHide.swift in Sources */,
			);
			runOnlyForDeploymentPostprocessing = 0;
		};
/* End PBXSourcesBuildPhase section */

/* Begin XCBuildConfiguration section */
		D8AB19AF2B92A0EA00A12102 /* Debug */ = {
			isa = XCBuildConfiguration;
			buildSettings = {
				ALWAYS_SEARCH_USER_PATHS = NO;
				ASSETCATALOG_COMPILER_GENERATE_SWIFT_ASSET_SYMBOL_EXTENSIONS = YES;
				CLANG_ANALYZER_NONNULL = YES;
				CLANG_ANALYZER_NUMBER_OBJECT_CONVERSION = YES_AGGRESSIVE;
				CLANG_CXX_LANGUAGE_STANDARD = "gnu++20";
				CLANG_ENABLE_MODULES = YES;
				CLANG_ENABLE_OBJC_ARC = YES;
				CLANG_ENABLE_OBJC_WEAK = YES;
				CLANG_WARN_BLOCK_CAPTURE_AUTORELEASING = YES;
				CLANG_WARN_BOOL_CONVERSION = YES;
				CLANG_WARN_COMMA = YES;
				CLANG_WARN_CONSTANT_CONVERSION = YES;
				CLANG_WARN_DEPRECATED_OBJC_IMPLEMENTATIONS = YES;
				CLANG_WARN_DIRECT_OBJC_ISA_USAGE = YES_ERROR;
				CLANG_WARN_DOCUMENTATION_COMMENTS = YES;
				CLANG_WARN_EMPTY_BODY = YES;
				CLANG_WARN_ENUM_CONVERSION = YES;
				CLANG_WARN_INFINITE_RECURSION = YES;
				CLANG_WARN_INT_CONVERSION = YES;
				CLANG_WARN_NON_LITERAL_NULL_CONVERSION = YES;
				CLANG_WARN_OBJC_IMPLICIT_RETAIN_SELF = YES;
				CLANG_WARN_OBJC_LITERAL_CONVERSION = YES;
				CLANG_WARN_OBJC_ROOT_CLASS = YES_ERROR;
				CLANG_WARN_QUOTED_INCLUDE_IN_FRAMEWORK_HEADER = YES;
				CLANG_WARN_RANGE_LOOP_ANALYSIS = YES;
				CLANG_WARN_STRICT_PROTOTYPES = YES;
				CLANG_WARN_SUSPICIOUS_MOVE = YES;
				CLANG_WARN_UNGUARDED_AVAILABILITY = YES_AGGRESSIVE;
				CLANG_WARN_UNREACHABLE_CODE = YES;
				CLANG_WARN__DUPLICATE_METHOD_MATCH = YES;
				COPY_PHASE_STRIP = NO;
				DEBUG_INFORMATION_FORMAT = dwarf;
				ENABLE_STRICT_OBJC_MSGSEND = YES;
				ENABLE_TESTABILITY = YES;
				ENABLE_USER_SCRIPT_SANDBOXING = YES;
				GCC_C_LANGUAGE_STANDARD = gnu17;
				GCC_DYNAMIC_NO_PIC = NO;
				GCC_NO_COMMON_BLOCKS = YES;
				GCC_OPTIMIZATION_LEVEL = 0;
				GCC_PREPROCESSOR_DEFINITIONS = (
					"DEBUG=1",
					"$(inherited)",
				);
				GCC_WARN_64_TO_32_BIT_CONVERSION = YES;
				GCC_WARN_ABOUT_RETURN_TYPE = YES_ERROR;
				GCC_WARN_UNDECLARED_SELECTOR = YES;
				GCC_WARN_UNINITIALIZED_AUTOS = YES_AGGRESSIVE;
				GCC_WARN_UNUSED_FUNCTION = YES;
				GCC_WARN_UNUSED_VARIABLE = YES;
				LOCALIZATION_PREFERS_STRING_CATALOGS = YES;
				MACOSX_DEPLOYMENT_TARGET = 14.0;
				MTL_ENABLE_DEBUG_INFO = INCLUDE_SOURCE;
				MTL_FAST_MATH = YES;
				ONLY_ACTIVE_ARCH = YES;
				SDKROOT = macosx;
				SWIFT_ACTIVE_COMPILATION_CONDITIONS = "DEBUG $(inherited)";
				SWIFT_OBJC_BRIDGING_HEADER = "DockLikeWindows/Helpers/Bridging-Header.h";
				SWIFT_OPTIMIZATION_LEVEL = "-Onone";
			};
			name = Debug;
		};
		D8AB19B02B92A0EA00A12102 /* Release */ = {
			isa = XCBuildConfiguration;
			buildSettings = {
				ALWAYS_SEARCH_USER_PATHS = NO;
				ASSETCATALOG_COMPILER_GENERATE_SWIFT_ASSET_SYMBOL_EXTENSIONS = YES;
				CLANG_ANALYZER_NONNULL = YES;
				CLANG_ANALYZER_NUMBER_OBJECT_CONVERSION = YES_AGGRESSIVE;
				CLANG_CXX_LANGUAGE_STANDARD = "gnu++20";
				CLANG_ENABLE_MODULES = YES;
				CLANG_ENABLE_OBJC_ARC = YES;
				CLANG_ENABLE_OBJC_WEAK = YES;
				CLANG_WARN_BLOCK_CAPTURE_AUTORELEASING = YES;
				CLANG_WARN_BOOL_CONVERSION = YES;
				CLANG_WARN_COMMA = YES;
				CLANG_WARN_CONSTANT_CONVERSION = YES;
				CLANG_WARN_DEPRECATED_OBJC_IMPLEMENTATIONS = YES;
				CLANG_WARN_DIRECT_OBJC_ISA_USAGE = YES_ERROR;
				CLANG_WARN_DOCUMENTATION_COMMENTS = YES;
				CLANG_WARN_EMPTY_BODY = YES;
				CLANG_WARN_ENUM_CONVERSION = YES;
				CLANG_WARN_INFINITE_RECURSION = YES;
				CLANG_WARN_INT_CONVERSION = YES;
				CLANG_WARN_NON_LITERAL_NULL_CONVERSION = YES;
				CLANG_WARN_OBJC_IMPLICIT_RETAIN_SELF = YES;
				CLANG_WARN_OBJC_LITERAL_CONVERSION = YES;
				CLANG_WARN_OBJC_ROOT_CLASS = YES_ERROR;
				CLANG_WARN_QUOTED_INCLUDE_IN_FRAMEWORK_HEADER = YES;
				CLANG_WARN_RANGE_LOOP_ANALYSIS = YES;
				CLANG_WARN_STRICT_PROTOTYPES = YES;
				CLANG_WARN_SUSPICIOUS_MOVE = YES;
				CLANG_WARN_UNGUARDED_AVAILABILITY = YES_AGGRESSIVE;
				CLANG_WARN_UNREACHABLE_CODE = YES;
				CLANG_WARN__DUPLICATE_METHOD_MATCH = YES;
				COPY_PHASE_STRIP = NO;
				DEBUG_INFORMATION_FORMAT = "dwarf-with-dsym";
				ENABLE_NS_ASSERTIONS = NO;
				ENABLE_STRICT_OBJC_MSGSEND = YES;
				ENABLE_USER_SCRIPT_SANDBOXING = YES;
				GCC_C_LANGUAGE_STANDARD = gnu17;
				GCC_NO_COMMON_BLOCKS = YES;
				GCC_WARN_64_TO_32_BIT_CONVERSION = YES;
				GCC_WARN_ABOUT_RETURN_TYPE = YES_ERROR;
				GCC_WARN_UNDECLARED_SELECTOR = YES;
				GCC_WARN_UNINITIALIZED_AUTOS = YES_AGGRESSIVE;
				GCC_WARN_UNUSED_FUNCTION = YES;
				GCC_WARN_UNUSED_VARIABLE = YES;
				LOCALIZATION_PREFERS_STRING_CATALOGS = YES;
				MACOSX_DEPLOYMENT_TARGET = 14.0;
				MTL_ENABLE_DEBUG_INFO = NO;
				MTL_FAST_MATH = YES;
				SDKROOT = macosx;
				SWIFT_COMPILATION_MODE = wholemodule;
				SWIFT_OBJC_BRIDGING_HEADER = "DockLikeWindows/Helpers/Bridging-Header.h";
			};
			name = Release;
		};
		D8AB19B22B92A0EA00A12102 /* Debug */ = {
			isa = XCBuildConfiguration;
			buildSettings = {
				ASSETCATALOG_COMPILER_APPICON_NAME = AppIcon;
				ASSETCATALOG_COMPILER_GLOBAL_ACCENT_COLOR_NAME = AccentColor;
				CLANG_ENABLE_MODULES = YES;
				CODE_SIGN_ENTITLEMENTS = DockLikeWindows/DockLikeWindows.entitlements;
				CODE_SIGN_STYLE = Automatic;
				COMBINE_HIDPI_IMAGES = YES;
				CURRENT_PROJECT_VERSION = 1;
				DEVELOPMENT_ASSET_PATHS = "\"DockLikeWindows/Preview Content\"";
				DEVELOPMENT_TEAM = CG9U8G47CN;
				ENABLE_HARDENED_RUNTIME = YES;
				ENABLE_PREVIEWS = YES;
				GENERATE_INFOPLIST_FILE = YES;
				INFOPLIST_FILE = DockLikeWindows/Info.plist;
				INFOPLIST_KEY_LSUIElement = YES;
				INFOPLIST_KEY_NSHumanReadableCopyright = "";
				LD_RUNPATH_SEARCH_PATHS = (
					"$(inherited)",
					"@executable_path/../Frameworks",
				);
				MARKETING_VERSION = 1.0;
				PRODUCT_BUNDLE_IDENTIFIER = com.crishoux.DockLikeWindows;
				PRODUCT_NAME = "$(TARGET_NAME)";
				SWIFT_EMIT_LOC_STRINGS = YES;
				SWIFT_OBJC_BRIDGING_HEADER = "DockLikeWindows/Helpers/Bridging-Header.h";
				SWIFT_OPTIMIZATION_LEVEL = "-Onone";
				SWIFT_VERSION = 5.0;
			};
			name = Debug;
		};
		D8AB19B32B92A0EA00A12102 /* Release */ = {
			isa = XCBuildConfiguration;
			buildSettings = {
				ASSETCATALOG_COMPILER_APPICON_NAME = AppIcon;
				ASSETCATALOG_COMPILER_GLOBAL_ACCENT_COLOR_NAME = AccentColor;
				CLANG_ENABLE_MODULES = YES;
				CODE_SIGN_ENTITLEMENTS = DockLikeWindows/DockLikeWindows.entitlements;
				CODE_SIGN_STYLE = Automatic;
				COMBINE_HIDPI_IMAGES = YES;
				CURRENT_PROJECT_VERSION = 1;
				DEVELOPMENT_ASSET_PATHS = "\"DockLikeWindows/Preview Content\"";
				DEVELOPMENT_TEAM = CG9U8G47CN;
				ENABLE_HARDENED_RUNTIME = YES;
				ENABLE_PREVIEWS = YES;
				GENERATE_INFOPLIST_FILE = YES;
				INFOPLIST_FILE = DockLikeWindows/Info.plist;
				INFOPLIST_KEY_LSUIElement = YES;
				INFOPLIST_KEY_NSHumanReadableCopyright = "";
				LD_RUNPATH_SEARCH_PATHS = (
					"$(inherited)",
					"@executable_path/../Frameworks",
				);
				MARKETING_VERSION = 1.0;
				PRODUCT_BUNDLE_IDENTIFIER = com.crishoux.DockLikeWindows;
				PRODUCT_NAME = "$(TARGET_NAME)";
				SWIFT_EMIT_LOC_STRINGS = YES;
				SWIFT_OBJC_BRIDGING_HEADER = "DockLikeWindows/Helpers/Bridging-Header.h";
				SWIFT_VERSION = 5.0;
			};
			name = Release;
		};
/* End XCBuildConfiguration section */

/* Begin XCConfigurationList section */
		D8AB199D2B92A0E900A12102 /* Build configuration list for PBXProject "DockLikeWindows" */ = {
			isa = XCConfigurationList;
			buildConfigurations = (
				D8AB19AF2B92A0EA00A12102 /* Debug */,
				D8AB19B02B92A0EA00A12102 /* Release */,
			);
			defaultConfigurationIsVisible = 0;
			defaultConfigurationName = Release;
		};
		D8AB19B12B92A0EA00A12102 /* Build configuration list for PBXNativeTarget "DockLikeWindows" */ = {
			isa = XCConfigurationList;
			buildConfigurations = (
				D8AB19B22B92A0EA00A12102 /* Debug */,
				D8AB19B32B92A0EA00A12102 /* Release */,
			);
			defaultConfigurationIsVisible = 0;
			defaultConfigurationName = Release;
		};
/* End XCConfigurationList section */
	};
	rootObject = D8AB199A2B92A0E900A12102 /* Project object */;
}
